
Microsoft Visual Studio Solution File, Format Version 12.00
# Visual Studio Version 16
VisualStudioVersion = 16.0.31105.61
MinimumVisualStudioVersion = 10.0.40219.1
Project("{FAE04EC0-301F-11D3-BF4B-00C04F79EFBC}") = "BatchFileProcessor", "BatchFileProcessor\BatchFileProcessor.csproj", "{089A461E-1599-4646-A06D-9397F17A7265}"
EndProject
Global
	GlobalSection(SolutionConfigurationPlatforms) = preSolution
		Debug|Any CPU = Debug|Any CPU
		Release|Any CPU = Release|Any CPU
	EndGlobalSection
	GlobalSection(ProjectConfigurationPlatforms) = postSolution
		{089A461E-1599-4646-A06D-9397F17A7265}.Debug|Any CPU.ActiveCfg = Debug|Any CPU
		{089A461E-1599-4646-A06D-9397F17A7265}.Debug|Any CPU.Build.0 = Debug|Any CPU
		{089A461E-1599-4646-A06D-9397F17A7265}.Release|Any CPU.ActiveCfg = Release|Any CPU
		{089A461E-1599-4646-A06D-9397F17A7265}.Release|Any CPU.Build.0 = Release|Any CPU
	EndGlobalSection
	GlobalSection(SolutionProperties) = preSolution
		HideSolutionNode = FALSE
	EndGlobalSection
	GlobalSection(ExtensibilityGlobals) = postSolution
		SolutionGuid = {28C6D6D5-7E5A-41E3-A514-87743FCF6D08}
	EndGlobalSection
EndGlobal
