
Microsoft Visual Studio Solution File, Format Version 12.00
# Visual Studio Version 16
VisualStudioVersion = 16.0.31105.61
MinimumVisualStudioVersion = 10.0.40219.1
Project("{FAE04EC0-301F-11D3-BF4B-00C04F79EFBC}") = "FileSender", "FileSender\FileSender.csproj", "{3041879B-7140-4540-8EF0-3900B05D7917}"
EndProject
Global
	GlobalSection(SolutionConfigurationPlatforms) = preSolution
		Debug|Any CPU = Debug|Any CPU
		Release|Any CPU = Release|Any CPU
	EndGlobalSection
	GlobalSection(ProjectConfigurationPlatforms) = postSolution
		{3041879B-7140-4540-8EF0-3900B05D7917}.Debug|Any CPU.ActiveCfg = Debug|Any CPU
		{3041879B-7140-4540-8EF0-3900B05D7917}.Debug|Any CPU.Build.0 = Debug|Any CPU
		{3041879B-7140-4540-8EF0-3900B05D7917}.Release|Any CPU.ActiveCfg = Release|Any CPU
		{3041879B-7140-4540-8EF0-3900B05D7917}.Release|Any CPU.Build.0 = Release|Any CPU
	EndGlobalSection
	GlobalSection(SolutionProperties) = preSolution
		HideSolutionNode = FALSE
	EndGlobalSection
	GlobalSection(ExtensibilityGlobals) = postSolution
		SolutionGuid = {69433327-AC03-4658-8516-ACC24A5EC501}
	EndGlobalSection
EndGlobal
